# This file is autogenerated, do not edit; changes may be undone by the next 'dep ensure'.


[[projects]]
  name = "github.com/BurntSushi/toml"
  packages = ["."]
  revision = "b26d9c308763d68093482582cea63d69be07a0f0"
  version = "v0.3.0"

[[projects]]
  branch = "develop"
  name = "github.com/lfkeitel/verbose"
  packages = ["."]
  revision = "332f9e728b786c9a5ddfae80ac08ce341436766c"

[solve-meta]
  analyzer-name = "dep"
  analyzer-version = 1
  inputs-digest = "931b5c1ed4f524de6b3db383e72af37ac51cd66062f71fdc07585f544cb1fdb5"
  solver-name = "gps-cdcl"
  solver-version = 1
